
Microsoft Visual Studio Solution File, Format Version 12.00
# Visual Studio Version 17
VisualStudioVersion = 17.5.33424.131
MinimumVisualStudioVersion = 10.0.40219.1
Project("{8BC9CEB8-8B4A-11D0-8D11-00A0C91BC942}") = "001_AR47Start", "001_AR47Start\001_AR47Start.vcxproj", "{9971F271-84E8-4833-97DE-9D1A80488ADE}"
EndProject
Project("{8BC9CEB8-8B4A-11D0-8D11-00A0C91BC942}") = "002_Compaile", "002_Compaile\002_Compaile.vcxproj", "{1F7CAA1F-E0DE-477C-BE62-5815E9738EAD}"
EndProject
Project("{8BC9CEB8-8B4A-11D0-8D11-00A0C91BC942}") = "003_MainFuction", "003_MainFuction\003_MainFuction.vcxproj", "{521C9A5B-762F-4115-87DB-C4A03E251E72}"
EndProject
Project("{8BC9CEB8-8B4A-11D0-8D11-00A0C91BC942}") = "0313_1", "0313_1\0313_1.vcxproj", "{3D49646E-D1A2-4EF1-8568-3D8C6263BA3E}"
EndProject
Project("{8BC9CEB8-8B4A-11D0-8D11-00A0C91BC942}") = "0313_2", "0313_2\0313_2.vcxproj", "{78FD70CF-6CF9-4647-89C4-060882220716}"
EndProject
Project("{8BC9CEB8-8B4A-11D0-8D11-00A0C91BC942}") = "0313_3", "0313_3\0313_3.vcxproj", "{512661CF-9C3A-491E-825D-41CA66D2E678}"
EndProject
Project("{8BC9CEB8-8B4A-11D0-8D11-00A0C91BC942}") = "0313_4", "0313_4\0313_4.vcxproj", "{364B0763-25EA-42E4-97C5-D6E24F5D88F5}"
EndProject
Project("{8BC9CEB8-8B4A-11D0-8D11-00A0C91BC942}") = "0314_1", "0314_1\0314_1.vcxproj", "{46D50FB6-D42E-4686-8B89-F739F67E933D}"
EndProject
Project("{8BC9CEB8-8B4A-11D0-8D11-00A0C91BC942}") = "0314_array", "0314_array\0314_array.vcxproj", "{B02AC19C-A11E-43ED-B0A2-7DFA0D9AA3A9}"
EndProject
Project("{8BC9CEB8-8B4A-11D0-8D11-00A0C91BC942}") = "ConsoleApplication1", "0314_printf\ConsoleApplication1\ConsoleApplication1.vcxproj", "{6A931BBE-4B07-4F04-947C-29CD9AB8AA19}"
EndProject
Global
	GlobalSection(SolutionConfigurationPlatforms) = preSolution
		Debug|x64 = Debug|x64
		Debug|x86 = Debug|x86
		Release|x64 = Release|x64
		Release|x86 = Release|x86
	EndGlobalSection
	GlobalSection(ProjectConfigurationPlatforms) = postSolution
		{9971F271-84E8-4833-97DE-9D1A80488ADE}.Debug|x64.ActiveCfg = Debug|x64
		{9971F271-84E8-4833-97DE-9D1A80488ADE}.Debug|x64.Build.0 = Debug|x64
		{9971F271-84E8-4833-97DE-9D1A80488ADE}.Debug|x86.ActiveCfg = Debug|Win32
		{9971F271-84E8-4833-97DE-9D1A80488ADE}.Debug|x86.Build.0 = Debug|Win32
		{9971F271-84E8-4833-97DE-9D1A80488ADE}.Release|x64.ActiveCfg = Release|x64
		{9971F271-84E8-4833-97DE-9D1A80488ADE}.Release|x64.Build.0 = Release|x64
		{9971F271-84E8-4833-97DE-9D1A80488ADE}.Release|x86.ActiveCfg = Release|Win32
		{9971F271-84E8-4833-97DE-9D1A80488ADE}.Release|x86.Build.0 = Release|Win32
		{1F7CAA1F-E0DE-477C-BE62-5815E9738EAD}.Debug|x64.ActiveCfg = Debug|x64
		{1F7CAA1F-E0DE-477C-BE62-5815E9738EAD}.Debug|x64.Build.0 = Debug|x64
		{1F7CAA1F-E0DE-477C-BE62-5815E9738EAD}.Debug|x86.ActiveCfg = Debug|Win32
		{1F7CAA1F-E0DE-477C-BE62-5815E9738EAD}.Debug|x86.Build.0 = Debug|Win32
		{1F7CAA1F-E0DE-477C-BE62-5815E9738EAD}.Release|x64.ActiveCfg = Release|x64
		{1F7CAA1F-E0DE-477C-BE62-5815E9738EAD}.Release|x64.Build.0 = Release|x64
		{1F7CAA1F-E0DE-477C-BE62-5815E9738EAD}.Release|x86.ActiveCfg = Release|Win32
		{1F7CAA1F-E0DE-477C-BE62-5815E9738EAD}.Release|x86.Build.0 = Release|Win32
		{521C9A5B-762F-4115-87DB-C4A03E251E72}.Debug|x64.ActiveCfg = Debug|x64
		{521C9A5B-762F-4115-87DB-C4A03E251E72}.Debug|x64.Build.0 = Debug|x64
		{521C9A5B-762F-4115-87DB-C4A03E251E72}.Debug|x86.ActiveCfg = Debug|Win32
		{521C9A5B-762F-4115-87DB-C4A03E251E72}.Debug|x86.Build.0 = Debug|Win32
		{521C9A5B-762F-4115-87DB-C4A03E251E72}.Release|x64.ActiveCfg = Release|x64
		{521C9A5B-762F-4115-87DB-C4A03E251E72}.Release|x64.Build.0 = Release|x64
		{521C9A5B-762F-4115-87DB-C4A03E251E72}.Release|x86.ActiveCfg = Release|Win32
		{521C9A5B-762F-4115-87DB-C4A03E251E72}.Release|x86.Build.0 = Release|Win32
		{3D49646E-D1A2-4EF1-8568-3D8C6263BA3E}.Debug|x64.ActiveCfg = Debug|x64
		{3D49646E-D1A2-4EF1-8568-3D8C6263BA3E}.Debug|x64.Build.0 = Debug|x64
		{3D49646E-D1A2-4EF1-8568-3D8C6263BA3E}.Debug|x86.ActiveCfg = Debug|Win32
		{3D49646E-D1A2-4EF1-8568-3D8C6263BA3E}.Debug|x86.Build.0 = Debug|Win32
		{3D49646E-D1A2-4EF1-8568-3D8C6263BA3E}.Release|x64.ActiveCfg = Release|x64
		{3D49646E-D1A2-4EF1-8568-3D8C6263BA3E}.Release|x64.Build.0 = Release|x64
		{3D49646E-D1A2-4EF1-8568-3D8C6263BA3E}.Release|x86.ActiveCfg = Release|Win32
		{3D49646E-D1A2-4EF1-8568-3D8C6263BA3E}.Release|x86.Build.0 = Release|Win32
		{78FD70CF-6CF9-4647-89C4-060882220716}.Debug|x64.ActiveCfg = Debug|x64
		{78FD70CF-6CF9-4647-89C4-060882220716}.Debug|x64.Build.0 = Debug|x64
		{78FD70CF-6CF9-4647-89C4-060882220716}.Debug|x86.ActiveCfg = Debug|Win32
		{78FD70CF-6CF9-4647-89C4-060882220716}.Debug|x86.Build.0 = Debug|Win32
		{78FD70CF-6CF9-4647-89C4-060882220716}.Release|x64.ActiveCfg = Release|x64
		{78FD70CF-6CF9-4647-89C4-060882220716}.Release|x64.Build.0 = Release|x64
		{78FD70CF-6CF9-4647-89C4-060882220716}.Release|x86.ActiveCfg = Release|Win32
		{78FD70CF-6CF9-4647-89C4-060882220716}.Release|x86.Build.0 = Release|Win32
		{512661CF-9C3A-491E-825D-41CA66D2E678}.Debug|x64.ActiveCfg = Debug|x64
		{512661CF-9C3A-491E-825D-41CA66D2E678}.Debug|x64.Build.0 = Debug|x64
		{512661CF-9C3A-491E-825D-41CA66D2E678}.Debug|x86.ActiveCfg = Debug|Win32
		{512661CF-9C3A-491E-825D-41CA66D2E678}.Debug|x86.Build.0 = Debug|Win32
		{512661CF-9C3A-491E-825D-41CA66D2E678}.Release|x64.ActiveCfg = Release|x64
		{512661CF-9C3A-491E-825D-41CA66D2E678}.Release|x64.Build.0 = Release|x64
		{512661CF-9C3A-491E-825D-41CA66D2E678}.Release|x86.ActiveCfg = Release|Win32
		{512661CF-9C3A-491E-825D-41CA66D2E678}.Release|x86.Build.0 = Release|Win32
		{364B0763-25EA-42E4-97C5-D6E24F5D88F5}.Debug|x64.ActiveCfg = Debug|x64
		{364B0763-25EA-42E4-97C5-D6E24F5D88F5}.Debug|x64.Build.0 = Debug|x64
		{364B0763-25EA-42E4-97C5-D6E24F5D88F5}.Debug|x86.ActiveCfg = Debug|Win32
		{364B0763-25EA-42E4-97C5-D6E24F5D88F5}.Debug|x86.Build.0 = Debug|Win32
		{364B0763-25EA-42E4-97C5-D6E24F5D88F5}.Release|x64.ActiveCfg = Release|x64
		{364B0763-25EA-42E4-97C5-D6E24F5D88F5}.Release|x64.Build.0 = Release|x64
		{364B0763-25EA-42E4-97C5-D6E24F5D88F5}.Release|x86.ActiveCfg = Release|Win32
		{364B0763-25EA-42E4-97C5-D6E24F5D88F5}.Release|x86.Build.0 = Release|Win32
		{46D50FB6-D42E-4686-8B89-F739F67E933D}.Debug|x64.ActiveCfg = Debug|x64
		{46D50FB6-D42E-4686-8B89-F739F67E933D}.Debug|x64.Build.0 = Debug|x64
		{46D50FB6-D42E-4686-8B89-F739F67E933D}.Debug|x86.ActiveCfg = Debug|Win32
		{46D50FB6-D42E-4686-8B89-F739F67E933D}.Debug|x86.Build.0 = Debug|Win32
		{46D50FB6-D42E-4686-8B89-F739F67E933D}.Release|x64.ActiveCfg = Release|x64
		{46D50FB6-D42E-4686-8B89-F739F67E933D}.Release|x64.Build.0 = Release|x64
		{46D50FB6-D42E-4686-8B89-F739F67E933D}.Release|x86.ActiveCfg = Release|Win32
		{46D50FB6-D42E-4686-8B89-F739F67E933D}.Release|x86.Build.0 = Release|Win32
		{B02AC19C-A11E-43ED-B0A2-7DFA0D9AA3A9}.Debug|x64.ActiveCfg = Debug|x64
		{B02AC19C-A11E-43ED-B0A2-7DFA0D9AA3A9}.Debug|x64.Build.0 = Debug|x64
		{B02AC19C-A11E-43ED-B0A2-7DFA0D9AA3A9}.Debug|x86.ActiveCfg = Debug|Win32
		{B02AC19C-A11E-43ED-B0A2-7DFA0D9AA3A9}.Debug|x86.Build.0 = Debug|Win32
		{B02AC19C-A11E-43ED-B0A2-7DFA0D9AA3A9}.Release|x64.ActiveCfg = Release|x64
		{B02AC19C-A11E-43ED-B0A2-7DFA0D9AA3A9}.Release|x64.Build.0 = Release|x64
		{B02AC19C-A11E-43ED-B0A2-7DFA0D9AA3A9}.Release|x86.ActiveCfg = Release|Win32
		{B02AC19C-A11E-43ED-B0A2-7DFA0D9AA3A9}.Release|x86.Build.0 = Release|Win32
		{6A931BBE-4B07-4F04-947C-29CD9AB8AA19}.Debug|x64.ActiveCfg = Debug|x64
		{6A931BBE-4B07-4F04-947C-29CD9AB8AA19}.Debug|x64.Build.0 = Debug|x64
		{6A931BBE-4B07-4F04-947C-29CD9AB8AA19}.Debug|x86.ActiveCfg = Debug|Win32
		{6A931BBE-4B07-4F04-947C-29CD9AB8AA19}.Debug|x86.Build.0 = Debug|Win32
		{6A931BBE-4B07-4F04-947C-29CD9AB8AA19}.Release|x64.ActiveCfg = Release|x64
		{6A931BBE-4B07-4F04-947C-29CD9AB8AA19}.Release|x64.Build.0 = Release|x64
		{6A931BBE-4B07-4F04-947C-29CD9AB8AA19}.Release|x86.ActiveCfg = Release|Win32
		{6A931BBE-4B07-4F04-947C-29CD9AB8AA19}.Release|x86.Build.0 = Release|Win32
	EndGlobalSection
	GlobalSection(SolutionProperties) = preSolution
		HideSolutionNode = FALSE
	EndGlobalSection
	GlobalSection(ExtensibilityGlobals) = postSolution
		SolutionGuid = {BC70C070-E760-41CC-ACB0-D18FAF09B328}
	EndGlobalSection
EndGlobal
